{
  "name": "echartsApp",
  "version": "1.0.0",
  "lockfileVersion": 1,
  "requires": true,
  "dependencies": {
    "echarts": {
      "version": "4.2.0-rc.2",
      "resolved": "https://registry.npmjs.org/echarts/-/echarts-4.2.0-rc.2.tgz",
      "integrity": "sha512-5Y4Kyi4eNsRM9Cnl7Q8C6PFVjznBJv1VIiMm/VSQ9zyqeo+ce1695GqUd9v4zfVx+Ow1gnwMJX67h0FNvarScw==",
      "requires": {
        "zrender": "4.0.5"
      }
    },
    "jquery": {
      "version": "3.3.1",
      "resolved": "https://registry.npmjs.org/jquery/-/jquery-3.3.1.tgz",
      "integrity": "sha512-Ubldcmxp5np52/ENotGxlLe6aGMvmF4R8S6tZjsP6Knsaxd/xp3Zrh50cG93lR6nPXyUFwzN3ZSOQI0wRJNdGg=="
    },
    "zrender": {
      "version": "4.0.5",
      "resolved": "https://registry.npmjs.org/zrender/-/zrender-4.0.5.tgz",
      "integrity": "sha512-SintgipGEJPT9Sz2ABRoE4ZD7Yzy7oR7j7KP6H+C9FlbHWnLUfGVK7E8UV27pGwlxAMB0EsnrqhXx5XjAfv/KA=="
    }
  }
}
